// !$*UTF8*$!
{
	archiveVersion = 1;
	classes = {
	};
	objectVersion = 55;
	objects = {

/* Begin PBXBuildFile section */
		7B1FD65728F457AE0078624B /* SSNeumorphicViewApp.swift in Sources */ = {isa = PBXBuildFile; fileRef = 7B1FD65628F457AE0078624B /* SSNeumorphicViewApp.swift */; };
		7B1FD65928F457AE0078624B /* ContentView.swift in Sources */ = {isa = PBXBuildFile; fileRef = 7B1FD65828F457AE0078624B /* ContentView.swift */; };
		7B1FD65B28F457B00078624B /* Assets.xcassets in Resources */ = {isa = PBXBuildFile; fileRef = 7B1FD65A28F457B00078624B /* Assets.xcassets */; };
		7B1FD65E28F457B00078624B /* Preview Assets.xcassets in Resources */ = {isa = PBXBuildFile; fileRef = 7B1FD65D28F457B00078624B /* Preview Assets.xcassets */; };
		7BCD2CC028F586FB00C7935F /* SSNeumorphicLayer.swift in Sources */ = {isa = PBXBuildFile; fileRef = 7BCD2CBF28F586FB00C7935F /* SSNeumorphicLayer.swift */; };
		7BFF45CA28F54FF000B94E21 /* ButtonStyle.swift in Sources */ = {isa = PBXBuildFile; fileRef = 7BFF45C328F54FF000B94E21 /* ButtonStyle.swift */; };
		7BFF45CB28F54FF000B94E21 /* SSNeumorphicKit.swift in Sources */ = {isa = PBXBuildFile; fileRef = 7BFF45C428F54FF000B94E21 /* SSNeumorphicKit.swift */; };
		7BFF45D028F54FF000B94E21 /* DynamicToggleStyle.swift in Sources */ = {isa = PBXBuildFile; fileRef = 7BFF45C928F54FF000B94E21 /* DynamicToggleStyle.swift */; };
/* End PBXBuildFile section */

/* Begin PBXFileReference section */
		7B1FD65328F457AE0078624B /* SSNeumorphicView.app */ = {isa = PBXFileReference; explicitFileType = wrapper.application; includeInIndex = 0; path = SSNeumorphicView.app; sourceTree = BUILT_PRODUCTS_DIR; };
		7B1FD65628F457AE0078624B /* SSNeumorphicViewApp.swift */ = {isa = PBXFileReference; lastKnownFileType = sourcecode.swift; path = SSNeumorphicViewApp.swift; sourceTree = "<group>"; };
		7B1FD65828F457AE0078624B /* ContentView.swift */ = {isa = PBXFileReference; lastKnownFileType = sourcecode.swift; path = ContentView.swift; sourceTree = "<group>"; };
		7B1FD65A28F457B00078624B /* Assets.xcassets */ = {isa = PBXFileReference; lastKnownFileType = folder.assetcatalog; path = Assets.xcassets; sourceTree = "<group>"; };
		7B1FD65D28F457B00078624B /* Preview Assets.xcassets */ = {isa = PBXFileReference; lastKnownFileType = folder.assetcatalog; path = "Preview Assets.xcassets"; sourceTree = "<group>"; };
		7BCD2CBF28F586FB00C7935F /* SSNeumorphicLayer.swift */ = {isa = PBXFileReference; lastKnownFileType = sourcecode.swift; path = SSNeumorphicLayer.swift; sourceTree = "<group>"; };
		7BFF45C328F54FF000B94E21 /* ButtonStyle.swift */ = {isa = PBXFileReference; fileEncoding = 4; lastKnownFileType = sourcecode.swift; path = ButtonStyle.swift; sourceTree = "<group>"; };
		7BFF45C428F54FF000B94E21 /* SSNeumorphicKit.swift */ = {isa = PBXFileReference; fileEncoding = 4; lastKnownFileType = sourcecode.swift; path = SSNeumorphicKit.swift; sourceTree = "<group>"; };
		7BFF45C928F54FF000B94E21 /* DynamicToggleStyle.swift */ = {isa = PBXFileReference; fileEncoding = 4; lastKnownFileType = sourcecode.swift; path = DynamicToggleStyle.swift; sourceTree = "<group>"; };
/* End PBXFileReference section */

/* Begin PBXFrameworksBuildPhase section */
		7B1FD65028F457AE0078624B /* Frameworks */ = {
			isa = PBXFrameworksBuildPhase;
			buildActionMask = 2147483647;
			files = (
			);
			runOnlyForDeploymentPostprocessing = 0;
		};
/* End PBXFrameworksBuildPhase section */

/* Begin PBXGroup section */
		7B1FD64A28F457AE0078624B = {
			isa = PBXGroup;
			children = (
				7B1FD65528F457AE0078624B /* SSNeumorphicView */,
				7B1FD65428F457AE0078624B /* Products */,
			);
			sourceTree = "<group>";
		};
		7B1FD65428F457AE0078624B /* Products */ = {
			isa = PBXGroup;
			children = (
				7B1FD65328F457AE0078624B /* SSNeumorphicView.app */,
			);
			name = Products;
			sourceTree = "<group>";
		};
		7B1FD65528F457AE0078624B /* SSNeumorphicView */ = {
			isa = PBXGroup;
			children = (
				7BFF45C228F54FF000B94E21 /* Classes */,
				7B1FD65628F457AE0078624B /* SSNeumorphicViewApp.swift */,
				7B1FD65828F457AE0078624B /* ContentView.swift */,
				7B1FD65A28F457B00078624B /* Assets.xcassets */,
				7B1FD65C28F457B00078624B /* Preview Content */,
			);
			path = SSNeumorphicView;
			sourceTree = "<group>";
		};
		7B1FD65C28F457B00078624B /* Preview Content */ = {
			isa = PBXGroup;
			children = (
				7B1FD65D28F457B00078624B /* Preview Assets.xcassets */,
			);
			path = "Preview Content";
			sourceTree = "<group>";
		};
		7BFF45C228F54FF000B94E21 /* Classes */ = {
			isa = PBXGroup;
			children = (
				7BFF45C328F54FF000B94E21 /* ButtonStyle.swift */,
				7BFF45C428F54FF000B94E21 /* SSNeumorphicKit.swift */,
				7BFF45C928F54FF000B94E21 /* DynamicToggleStyle.swift */,
				7BCD2CBF28F586FB00C7935F /* SSNeumorphicLayer.swift */,
			);
			path = Classes;
			sourceTree = "<group>";
		};
/* End PBXGroup section */

/* Begin PBXNativeTarget section */
		7B1FD65228F457AE0078624B /* SSNeumorphicView */ = {
			isa = PBXNativeTarget;
			buildConfigurationList = 7B1FD66128F457B00078624B /* Build configuration list for PBXNativeTarget "SSNeumorphicView" */;
			buildPhases = (
				7B1FD64F28F457AE0078624B /* Sources */,
				7B1FD65028F457AE0078624B /* Frameworks */,
				7B1FD65128F457AE0078624B /* Resources */,
			);
			buildRules = (
			);
			dependencies = (
			);
			name = SSNeumorphicView;
			productName = SSNeumorphicView;
			productReference = 7B1FD65328F457AE0078624B /* SSNeumorphicView.app */;
			productType = "com.apple.product-type.application";
		};
/* End PBXNativeTarget section */

/* Begin PBXProject section */
		7B1FD64B28F457AE0078624B /* Project object */ = {
			isa = PBXProject;
			attributes = {
				BuildIndependentTargetsInParallel = 1;
				LastSwiftUpdateCheck = 1400;
				LastUpgradeCheck = 1400;
				TargetAttributes = {
					7B1FD65228F457AE0078624B = {
						CreatedOnToolsVersion = 14.0.1;
					};
				};
			};
			buildConfigurationList = 7B1FD64E28F457AE0078624B /* Build configuration list for PBXProject "SSNeumorphicView" */;
			compatibilityVersion = "Xcode 13.0";
			developmentRegion = en;
			hasScannedForEncodings = 0;
			knownRegions = (
				en,
				Base,
			);
			mainGroup = 7B1FD64A28F457AE0078624B;
			productRefGroup = 7B1FD65428F457AE0078624B /* Products */;
			projectDirPath = "";
			projectRoot = "";
			targets = (
				7B1FD65228F457AE0078624B /* SSNeumorphicView */,
			);
		};
/* End PBXProject section */

/* Begin PBXResourcesBuildPhase section */
		7B1FD65128F457AE0078624B /* Resources */ = {
			isa = PBXResourcesBuildPhase;
			buildActionMask = 2147483647;
			files = (
				7B1FD65E28F457B00078624B /* Preview Assets.xcassets in Resources */,
				7B1FD65B28F457B00078624B /* Assets.xcassets in Resources */,
			);
			runOnlyForDeploymentPostprocessing = 0;
		};
/* End PBXResourcesBuildPhase section */

/* Begin PBXSourcesBuildPhase section */
		7B1FD64F28F457AE0078624B /* Sources */ = {
			isa = PBXSourcesBuildPhase;
			buildActionMask = 2147483647;
			files = (
				7BFF45D028F54FF000B94E21 /* DynamicToggleStyle.swift in Sources */,
				7BFF45CB28F54FF000B94E21 /* SSNeumorphicKit.swift in Sources */,
				7BFF45CA28F54FF000B94E21 /* ButtonStyle.swift in Sources */,
				7BCD2CC028F586FB00C7935F /* SSNeumorphicLayer.swift in Sources */,
				7B1FD65928F457AE0078624B /* ContentView.swift in Sources */,
				7B1FD65728F457AE0078624B /* SSNeumorphicViewApp.swift in Sources */,
			);
			runOnlyForDeploymentPostprocessing = 0;
		};
/* End PBXSourcesBuildPhase section */

/* Begin XCBuildConfiguration section */
		7B1FD65F28F457B00078624B /* Debug */ = {
			isa = XCBuildConfiguration;
			buildSettings = {
				ALWAYS_SEARCH_USER_PATHS = NO;
				CLANG_ANALYZER_NONNULL = YES;
				CLANG_ANALYZER_NUMBER_OBJECT_CONVERSION = YES_AGGRESSIVE;
				CLANG_CXX_LANGUAGE_STANDARD = "gnu++20";
				CLANG_ENABLE_MODULES = YES;
				CLANG_ENABLE_OBJC_ARC = YES;
				CLANG_ENABLE_OBJC_WEAK = YES;
				CLANG_WARN_BLOCK_CAPTURE_AUTORELEASING = YES;
				CLANG_WARN_BOOL_CONVERSION = YES;
				CLANG_WARN_COMMA = YES;
				CLANG_WARN_CONSTANT_CONVERSION = YES;
				CLANG_WARN_DEPRECATED_OBJC_IMPLEMENTATIONS = YES;
				CLANG_WARN_DIRECT_OBJC_ISA_USAGE = YES_ERROR;
				CLANG_WARN_DOCUMENTATION_COMMENTS = YES;
				CLANG_WARN_EMPTY_BODY = YES;
				CLANG_WARN_ENUM_CONVERSION = YES;
				CLANG_WARN_INFINITE_RECURSION = YES;
				CLANG_WARN_INT_CONVERSION = YES;
				CLANG_WARN_NON_LITERAL_NULL_CONVERSION = YES;
				CLANG_WARN_OBJC_IMPLICIT_RETAIN_SELF = YES;
				CLANG_WARN_OBJC_LITERAL_CONVERSION = YES;
				CLANG_WARN_OBJC_ROOT_CLASS = YES_ERROR;
				CLANG_WARN_QUOTED_INCLUDE_IN_FRAMEWORK_HEADER = YES;
				CLANG_WARN_RANGE_LOOP_ANALYSIS = YES;
				CLANG_WARN_STRICT_PROTOTYPES = YES;
				CLANG_WARN_SUSPICIOUS_MOVE = YES;
				CLANG_WARN_UNGUARDED_AVAILABILITY = YES_AGGRESSIVE;
				CLANG_WARN_UNREACHABLE_CODE = YES;
				CLANG_WARN__DUPLICATE_METHOD_MATCH = YES;
				COPY_PHASE_STRIP = NO;
				DEBUG_INFORMATION_FORMAT = dwarf;
				ENABLE_STRICT_OBJC_MSGSEND = YES;
				ENABLE_TESTABILITY = YES;
				GCC_C_LANGUAGE_STANDARD = gnu11;
				GCC_DYNAMIC_NO_PIC = NO;
				GCC_NO_COMMON_BLOCKS = YES;
				GCC_OPTIMIZATION_LEVEL = 0;
				GCC_PREPROCESSOR_DEFINITIONS = (
					"DEBUG=1",
					"$(inherited)",
				);
				GCC_WARN_64_TO_32_BIT_CONVERSION = YES;
				GCC_WARN_ABOUT_RETURN_TYPE = YES_ERROR;
				GCC_WARN_UNDECLARED_SELECTOR = YES;
				GCC_WARN_UNINITIALIZED_AUTOS = YES_AGGRESSIVE;
				GCC_WARN_UNUSED_FUNCTION = YES;
				GCC_WARN_UNUSED_VARIABLE = YES;
				IPHONEOS_DEPLOYMENT_TARGET = 16.0;
				MTL_ENABLE_DEBUG_INFO = INCLUDE_SOURCE;
				MTL_FAST_MATH = YES;
				ONLY_ACTIVE_ARCH = YES;
				SDKROOT = iphoneos;
				SWIFT_ACTIVE_COMPILATION_CONDITIONS = DEBUG;
				SWIFT_OPTIMIZATION_LEVEL = "-Onone";
			};
			name = Debug;
		};
		7B1FD66028F457B00078624B /* Release */ = {
			isa = XCBuildConfiguration;
			buildSettings = {
				ALWAYS_SEARCH_USER_PATHS = NO;
				CLANG_ANALYZER_NONNULL = YES;
				CLANG_ANALYZER_NUMBER_OBJECT_CONVERSION = YES_AGGRESSIVE;
				CLANG_CXX_LANGUAGE_STANDARD = "gnu++20";
				CLANG_ENABLE_MODULES = YES;
				CLANG_ENABLE_OBJC_ARC = YES;
				CLANG_ENABLE_OBJC_WEAK = YES;
				CLANG_WARN_BLOCK_CAPTURE_AUTORELEASING = YES;
				CLANG_WARN_BOOL_CONVERSION = YES;
				CLANG_WARN_COMMA = YES;
				CLANG_WARN_CONSTANT_CONVERSION = YES;
				CLANG_WARN_DEPRECATED_OBJC_IMPLEMENTATIONS = YES;
				CLANG_WARN_DIRECT_OBJC_ISA_USAGE = YES_ERROR;
				CLANG_WARN_DOCUMENTATION_COMMENTS = YES;
				CLANG_WARN_EMPTY_BODY = YES;
				CLANG_WARN_ENUM_CONVERSION = YES;
				CLANG_WARN_INFINITE_RECURSION = YES;
				CLANG_WARN_INT_CONVERSION = YES;
				CLANG_WARN_NON_LITERAL_NULL_CONVERSION = YES;
				CLANG_WARN_OBJC_IMPLICIT_RETAIN_SELF = YES;
				CLANG_WARN_OBJC_LITERAL_CONVERSION = YES;
				CLANG_WARN_OBJC_ROOT_CLASS = YES_ERROR;
				CLANG_WARN_QUOTED_INCLUDE_IN_FRAMEWORK_HEADER = YES;
				CLANG_WARN_RANGE_LOOP_ANALYSIS = YES;
				CLANG_WARN_STRICT_PROTOTYPES = YES;
				CLANG_WARN_SUSPICIOUS_MOVE = YES;
				CLANG_WARN_UNGUARDED_AVAILABILITY = YES_AGGRESSIVE;
				CLANG_WARN_UNREACHABLE_CODE = YES;
				CLANG_WARN__DUPLICATE_METHOD_MATCH = YES;
				COPY_PHASE_STRIP = NO;
				DEBUG_INFORMATION_FORMAT = "dwarf-with-dsym";
				ENABLE_NS_ASSERTIONS = NO;
				ENABLE_STRICT_OBJC_MSGSEND = YES;
				GCC_C_LANGUAGE_STANDARD = gnu11;
				GCC_NO_COMMON_BLOCKS = YES;
				GCC_WARN_64_TO_32_BIT_CONVERSION = YES;
				GCC_WARN_ABOUT_RETURN_TYPE = YES_ERROR;
				GCC_WARN_UNDECLARED_SELECTOR = YES;
				GCC_WARN_UNINITIALIZED_AUTOS = YES_AGGRESSIVE;
				GCC_WARN_UNUSED_FUNCTION = YES;
				GCC_WARN_UNUSED_VARIABLE = YES;
				IPHONEOS_DEPLOYMENT_TARGET = 16.0;
				MTL_ENABLE_DEBUG_INFO = NO;
				MTL_FAST_MATH = YES;
				SDKROOT = iphoneos;
				SWIFT_COMPILATION_MODE = wholemodule;
				SWIFT_OPTIMIZATION_LEVEL = "-O";
				VALIDATE_PRODUCT = YES;
			};
			name = Release;
		};
		7B1FD66228F457B00078624B /* Debug */ = {
			isa = XCBuildConfiguration;
			buildSettings = {
				ASSETCATALOG_COMPILER_APPICON_NAME = AppIcon;
				ASSETCATALOG_COMPILER_GLOBAL_ACCENT_COLOR_NAME = AccentColor;
				CODE_SIGN_STYLE = Automatic;
				CURRENT_PROJECT_VERSION = 1;
				DEVELOPMENT_ASSET_PATHS = "\"SSNeumorphicView/Preview Content\"";
				ENABLE_PREVIEWS = YES;
				GENERATE_INFOPLIST_FILE = YES;
				INFOPLIST_KEY_UIApplicationSceneManifest_Generation = YES;
				INFOPLIST_KEY_UIApplicationSupportsIndirectInputEvents = YES;
				INFOPLIST_KEY_UILaunchScreen_Generation = YES;
				INFOPLIST_KEY_UISupportedInterfaceOrientations_iPad = "UIInterfaceOrientationPortrait UIInterfaceOrientationPortraitUpsideDown UIInterfaceOrientationLandscapeLeft UIInterfaceOrientationLandscapeRight";
				INFOPLIST_KEY_UISupportedInterfaceOrientations_iPhone = "UIInterfaceOrientationPortrait UIInterfaceOrientationLandscapeLeft UIInterfaceOrientationLandscapeRight";
				LD_RUNPATH_SEARCH_PATHS = (
					"$(inherited)",
					"@executable_path/Frameworks",
				);
				MARKETING_VERSION = 1.0;
				PRODUCT_BUNDLE_IDENTIFIER = simform.SSNeumorphicView;
				PRODUCT_NAME = "$(TARGET_NAME)";
				SWIFT_EMIT_LOC_STRINGS = YES;
				SWIFT_VERSION = 5.0;
				TARGETED_DEVICE_FAMILY = "1,2";
			};
			name = Debug;
		};
		7B1FD66328F457B00078624B /* Release */ = {
			isa = XCBuildConfiguration;
			buildSettings = {
				ASSETCATALOG_COMPILER_APPICON_NAME = AppIcon;
				ASSETCATALOG_COMPILER_GLOBAL_ACCENT_COLOR_NAME = AccentColor;
				CODE_SIGN_STYLE = Automatic;
				CURRENT_PROJECT_VERSION = 1;
				DEVELOPMENT_ASSET_PATHS = "\"SSNeumorphicView/Preview Content\"";
				ENABLE_PREVIEWS = YES;
				GENERATE_INFOPLIST_FILE = YES;
				INFOPLIST_KEY_UIApplicationSceneManifest_Generation = YES;
				INFOPLIST_KEY_UIApplicationSupportsIndirectInputEvents = YES;
				INFOPLIST_KEY_UILaunchScreen_Generation = YES;
				INFOPLIST_KEY_UISupportedInterfaceOrientations_iPad = "UIInterfaceOrientationPortrait UIInterfaceOrientationPortraitUpsideDown UIInterfaceOrientationLandscapeLeft UIInterfaceOrientationLandscapeRight";
				INFOPLIST_KEY_UISupportedInterfaceOrientations_iPhone = "UIInterfaceOrientationPortrait UIInterfaceOrientationLandscapeLeft UIInterfaceOrientationLandscapeRight";
				LD_RUNPATH_SEARCH_PATHS = (
					"$(inherited)",
					"@executable_path/Frameworks",
				);
				MARKETING_VERSION = 1.0;
				PRODUCT_BUNDLE_IDENTIFIER = simform.SSNeumorphicView;
				PRODUCT_NAME = "$(TARGET_NAME)";
				SWIFT_EMIT_LOC_STRINGS = YES;
				SWIFT_VERSION = 5.0;
				TARGETED_DEVICE_FAMILY = "1,2";
			};
			name = Release;
		};
/* End XCBuildConfiguration section */

/* Begin XCConfigurationList section */
		7B1FD64E28F457AE0078624B /* Build configuration list for PBXProject "SSNeumorphicView" */ = {
			isa = XCConfigurationList;
			buildConfigurations = (
				7B1FD65F28F457B00078624B /* Debug */,
				7B1FD66028F457B00078624B /* Release */,
			);
			defaultConfigurationIsVisible = 0;
			defaultConfigurationName = Release;
		};
		7B1FD66128F457B00078624B /* Build configuration list for PBXNativeTarget "SSNeumorphicView" */ = {
			isa = XCConfigurationList;
			buildConfigurations = (
				7B1FD66228F457B00078624B /* Debug */,
				7B1FD66328F457B00078624B /* Release */,
			);
			defaultConfigurationIsVisible = 0;
			defaultConfigurationName = Release;
		};
/* End XCConfigurationList section */
	};
	rootObject = 7B1FD64B28F457AE0078624B /* Project object */;
}
